
Microsoft Visual Studio Solution File, Format Version 11.00
# Visual Studio 2010
Project("{FAE04EC0-301F-11D3-BF4B-00C04F79EFBC}") = "FortifyPackageGenerator", "FortifyRulePackage\FortifyPackageGenerator.csproj", "{5580CEEE-BA1A-44B8-93DD-74BE89CE4A18}"
EndProject
Project("{FAE04EC0-301F-11D3-BF4B-00C04F79EFBC}") = "Fortify.RulePack.Test", "Fortify.RulePack.Test\Fortify.RulePack.Test.csproj", "{31902741-D521-432D-81F6-1145AA3A56F1}"
EndProject
Project("{2150E333-8FDC-42A3-9474-1A3956D46DE8}") = "Solution Items", "Solution Items", "{E66DC6E0-C1DF-4D06-848D-15AD4533A63E}"
	ProjectSection(SolutionItems) = preProject
		FortifyRulePackage.vsmdi = FortifyRulePackage.vsmdi
		Local.testsettings = Local.testsettings
		TraceAndTestImpact.testsettings = TraceAndTestImpact.testsettings
	EndProjectSection
EndProject
Global
	GlobalSection(TestCaseManagementSettings) = postSolution
		CategoryFile = FortifyRulePackage.vsmdi
	EndGlobalSection
	GlobalSection(SolutionConfigurationPlatforms) = preSolution
		Debug|Any CPU = Debug|Any CPU
		Debug|Mixed Platforms = Debug|Mixed Platforms
		Debug|x86 = Debug|x86
		Release|Any CPU = Release|Any CPU
		Release|Mixed Platforms = Release|Mixed Platforms
		Release|x86 = Release|x86
	EndGlobalSection
	GlobalSection(ProjectConfigurationPlatforms) = postSolution
		{5580CEEE-BA1A-44B8-93DD-74BE89CE4A18}.Debug|Any CPU.ActiveCfg = Debug|x86
		{5580CEEE-BA1A-44B8-93DD-74BE89CE4A18}.Debug|Mixed Platforms.ActiveCfg = Debug|x86
		{5580CEEE-BA1A-44B8-93DD-74BE89CE4A18}.Debug|Mixed Platforms.Build.0 = Debug|x86
		{5580CEEE-BA1A-44B8-93DD-74BE89CE4A18}.Debug|x86.ActiveCfg = Debug|x86
		{5580CEEE-BA1A-44B8-93DD-74BE89CE4A18}.Debug|x86.Build.0 = Debug|x86
		{5580CEEE-BA1A-44B8-93DD-74BE89CE4A18}.Release|Any CPU.ActiveCfg = Release|x86
		{5580CEEE-BA1A-44B8-93DD-74BE89CE4A18}.Release|Mixed Platforms.ActiveCfg = Release|x86
		{5580CEEE-BA1A-44B8-93DD-74BE89CE4A18}.Release|Mixed Platforms.Build.0 = Release|x86
		{5580CEEE-BA1A-44B8-93DD-74BE89CE4A18}.Release|x86.ActiveCfg = Release|x86
		{5580CEEE-BA1A-44B8-93DD-74BE89CE4A18}.Release|x86.Build.0 = Release|x86
		{31902741-D521-432D-81F6-1145AA3A56F1}.Debug|Any CPU.ActiveCfg = Debug|Any CPU
		{31902741-D521-432D-81F6-1145AA3A56F1}.Debug|Any CPU.Build.0 = Debug|Any CPU
		{31902741-D521-432D-81F6-1145AA3A56F1}.Debug|Mixed Platforms.ActiveCfg = Debug|Any CPU
		{31902741-D521-432D-81F6-1145AA3A56F1}.Debug|Mixed Platforms.Build.0 = Debug|Any CPU
		{31902741-D521-432D-81F6-1145AA3A56F1}.Debug|x86.ActiveCfg = Debug|Any CPU
		{31902741-D521-432D-81F6-1145AA3A56F1}.Release|Any CPU.ActiveCfg = Release|Any CPU
		{31902741-D521-432D-81F6-1145AA3A56F1}.Release|Any CPU.Build.0 = Release|Any CPU
		{31902741-D521-432D-81F6-1145AA3A56F1}.Release|Mixed Platforms.ActiveCfg = Release|Any CPU
		{31902741-D521-432D-81F6-1145AA3A56F1}.Release|Mixed Platforms.Build.0 = Release|Any CPU
		{31902741-D521-432D-81F6-1145AA3A56F1}.Release|x86.ActiveCfg = Release|Any CPU
	EndGlobalSection
	GlobalSection(SolutionProperties) = preSolution
		HideSolutionNode = FALSE
	EndGlobalSection
EndGlobal
